
Microsoft Visual Studio Solution File, Format Version 12.00
# Visual Studio Version 17
VisualStudioVersion = 17.4.33122.133
MinimumVisualStudioVersion = 10.0.40219.1
Project("{FAE04EC0-301F-11D3-BF4B-00C04F79EFBC}") = "lesson5_gb_hw", "lesson5_gb_hw.csproj", "{6417B031-639D-40CB-841E-E1C173DCBD34}"
EndProject
Global
	GlobalSection(SolutionConfigurationPlatforms) = preSolution
		Debug|Any CPU = Debug|Any CPU
		Release|Any CPU = Release|Any CPU
	EndGlobalSection
	GlobalSection(ProjectConfigurationPlatforms) = postSolution
		{6417B031-639D-40CB-841E-E1C173DCBD34}.Debug|Any CPU.ActiveCfg = Debug|Any CPU
		{6417B031-639D-40CB-841E-E1C173DCBD34}.Debug|Any CPU.Build.0 = Debug|Any CPU
		{6417B031-639D-40CB-841E-E1C173DCBD34}.Release|Any CPU.ActiveCfg = Release|Any CPU
		{6417B031-639D-40CB-841E-E1C173DCBD34}.Release|Any CPU.Build.0 = Release|Any CPU
	EndGlobalSection
	GlobalSection(SolutionProperties) = preSolution
		HideSolutionNode = FALSE
	EndGlobalSection
	GlobalSection(ExtensibilityGlobals) = postSolution
		SolutionGuid = {07F5A29E-4065-41C8-8ECC-4482E5D7D512}
	EndGlobalSection
EndGlobal
